
Microsoft Visual Studio Solution File, Format Version 12.00
# Visual Studio Version 16
VisualStudioVersion = 16.0.29519.87
MinimumVisualStudioVersion = 10.0.40219.1
Project("{2150E333-8FDC-42A3-9474-1A3956D46DE8}") = "Application", "Application", "{7D099DA5-D11C-47AE-8317-0371F96E0DB6}"
EndProject
Project("{2150E333-8FDC-42A3-9474-1A3956D46DE8}") = "Domain", "Domain", "{F2D7DA5C-5D3B-49E3-B002-1AEB4884A2EE}"
EndProject
Project("{2150E333-8FDC-42A3-9474-1A3956D46DE8}") = "Infra.IoC", "Infra.IoC", "{1CCEA1F6-6445-457F-93B1-A801759CE2FC}"
EndProject
Project("{2150E333-8FDC-42A3-9474-1A3956D46DE8}") = "Infra.Data", "Infra.Data", "{BE87FDEF-AE01-452E-AE37-7DB397F767BD}"
EndProject
Project("{2150E333-8FDC-42A3-9474-1A3956D46DE8}") = "Presentation", "Presentation", "{409E388C-42FD-4A36-AAD4-0CD9D3E4AC21}"
EndProject
Project("{9A19103F-16F7-4668-BE54-9A1E7A4F7556}") = "CH.Mvc", "CH.Mvc\CH.Mvc.csproj", "{057506E3-D64B-4BF5-A999-419A5083573A}"
EndProject
Project("{9A19103F-16F7-4668-BE54-9A1E7A4F7556}") = "CH.Infra.Data", "CH.Infra.Data\CH.Infra.Data.csproj", "{A2B9B416-B851-4268-A60F-61A9874E5917}"
EndProject
Project("{9A19103F-16F7-4668-BE54-9A1E7A4F7556}") = "CH.Application", "CH.Application\CH.Application.csproj", "{6D36103D-9BF5-40BC-959E-F00F2D57A38B}"
EndProject
Project("{9A19103F-16F7-4668-BE54-9A1E7A4F7556}") = "CH.Infra.IoC", "CH.Infra.IoC\CH.Infra.IoC.csproj", "{B17EC1C3-AB2A-455C-ABD6-7685724A6EB5}"
EndProject
Project("{2150E333-8FDC-42A3-9474-1A3956D46DE8}") = "Infra.Bus", "Infra.Bus", "{B55E73F1-D81F-4196-9EAA-C6CDF3325043}"
EndProject
Project("{2150E333-8FDC-42A3-9474-1A3956D46DE8}") = "Api", "Api", "{0DE2D82A-ADA3-4E42-83BC-454F0CFD133B}"
EndProject
Project("{FAE04EC0-301F-11D3-BF4B-00C04F79EFBC}") = "CH.Infra.Bus", "CH.Infra.Bus\CH.Infra.Bus.csproj", "{F30C50A6-B289-40EE-B580-95ED4C27992F}"
EndProject
Project("{FAE04EC0-301F-11D3-BF4B-00C04F79EFBC}") = "CH.Domain.Core", "CH.Domain.Core\CH.Domain.Core.csproj", "{9473B7DC-10F4-49EB-A333-7506D0CCFB4A}"
EndProject
Project("{FAE04EC0-301F-11D3-BF4B-00C04F79EFBC}") = "CH.Domain", "CH.Domain\CH.Domain.csproj", "{3B5A797D-9BEA-46EA-8F8C-21FD3BAC1D31}"
EndProject
Global
	GlobalSection(SolutionConfigurationPlatforms) = preSolution
		Debug|Any CPU = Debug|Any CPU
		Release|Any CPU = Release|Any CPU
	EndGlobalSection
	GlobalSection(ProjectConfigurationPlatforms) = postSolution
		{057506E3-D64B-4BF5-A999-419A5083573A}.Debug|Any CPU.ActiveCfg = Debug|Any CPU
		{057506E3-D64B-4BF5-A999-419A5083573A}.Debug|Any CPU.Build.0 = Debug|Any CPU
		{057506E3-D64B-4BF5-A999-419A5083573A}.Release|Any CPU.ActiveCfg = Release|Any CPU
		{057506E3-D64B-4BF5-A999-419A5083573A}.Release|Any CPU.Build.0 = Release|Any CPU
		{A2B9B416-B851-4268-A60F-61A9874E5917}.Debug|Any CPU.ActiveCfg = Debug|Any CPU
		{A2B9B416-B851-4268-A60F-61A9874E5917}.Debug|Any CPU.Build.0 = Debug|Any CPU
		{A2B9B416-B851-4268-A60F-61A9874E5917}.Release|Any CPU.ActiveCfg = Release|Any CPU
		{A2B9B416-B851-4268-A60F-61A9874E5917}.Release|Any CPU.Build.0 = Release|Any CPU
		{6D36103D-9BF5-40BC-959E-F00F2D57A38B}.Debug|Any CPU.ActiveCfg = Debug|Any CPU
		{6D36103D-9BF5-40BC-959E-F00F2D57A38B}.Debug|Any CPU.Build.0 = Debug|Any CPU
		{6D36103D-9BF5-40BC-959E-F00F2D57A38B}.Release|Any CPU.ActiveCfg = Release|Any CPU
		{6D36103D-9BF5-40BC-959E-F00F2D57A38B}.Release|Any CPU.Build.0 = Release|Any CPU
		{B17EC1C3-AB2A-455C-ABD6-7685724A6EB5}.Debug|Any CPU.ActiveCfg = Debug|Any CPU
		{B17EC1C3-AB2A-455C-ABD6-7685724A6EB5}.Debug|Any CPU.Build.0 = Debug|Any CPU
		{B17EC1C3-AB2A-455C-ABD6-7685724A6EB5}.Release|Any CPU.ActiveCfg = Release|Any CPU
		{B17EC1C3-AB2A-455C-ABD6-7685724A6EB5}.Release|Any CPU.Build.0 = Release|Any CPU
		{F30C50A6-B289-40EE-B580-95ED4C27992F}.Debug|Any CPU.ActiveCfg = Debug|Any CPU
		{F30C50A6-B289-40EE-B580-95ED4C27992F}.Debug|Any CPU.Build.0 = Debug|Any CPU
		{F30C50A6-B289-40EE-B580-95ED4C27992F}.Release|Any CPU.ActiveCfg = Release|Any CPU
		{F30C50A6-B289-40EE-B580-95ED4C27992F}.Release|Any CPU.Build.0 = Release|Any CPU
		{9473B7DC-10F4-49EB-A333-7506D0CCFB4A}.Debug|Any CPU.ActiveCfg = Debug|Any CPU
		{9473B7DC-10F4-49EB-A333-7506D0CCFB4A}.Debug|Any CPU.Build.0 = Debug|Any CPU
		{9473B7DC-10F4-49EB-A333-7506D0CCFB4A}.Release|Any CPU.ActiveCfg = Release|Any CPU
		{9473B7DC-10F4-49EB-A333-7506D0CCFB4A}.Release|Any CPU.Build.0 = Release|Any CPU
		{3B5A797D-9BEA-46EA-8F8C-21FD3BAC1D31}.Debug|Any CPU.ActiveCfg = Debug|Any CPU
		{3B5A797D-9BEA-46EA-8F8C-21FD3BAC1D31}.Debug|Any CPU.Build.0 = Debug|Any CPU
		{3B5A797D-9BEA-46EA-8F8C-21FD3BAC1D31}.Release|Any CPU.ActiveCfg = Release|Any CPU
		{3B5A797D-9BEA-46EA-8F8C-21FD3BAC1D31}.Release|Any CPU.Build.0 = Release|Any CPU
	EndGlobalSection
	GlobalSection(SolutionProperties) = preSolution
		HideSolutionNode = FALSE
	EndGlobalSection
	GlobalSection(NestedProjects) = preSolution
		{057506E3-D64B-4BF5-A999-419A5083573A} = {409E388C-42FD-4A36-AAD4-0CD9D3E4AC21}
		{A2B9B416-B851-4268-A60F-61A9874E5917} = {BE87FDEF-AE01-452E-AE37-7DB397F767BD}
		{6D36103D-9BF5-40BC-959E-F00F2D57A38B} = {7D099DA5-D11C-47AE-8317-0371F96E0DB6}
		{B17EC1C3-AB2A-455C-ABD6-7685724A6EB5} = {1CCEA1F6-6445-457F-93B1-A801759CE2FC}
		{F30C50A6-B289-40EE-B580-95ED4C27992F} = {B55E73F1-D81F-4196-9EAA-C6CDF3325043}
		{9473B7DC-10F4-49EB-A333-7506D0CCFB4A} = {F2D7DA5C-5D3B-49E3-B002-1AEB4884A2EE}
		{3B5A797D-9BEA-46EA-8F8C-21FD3BAC1D31} = {F2D7DA5C-5D3B-49E3-B002-1AEB4884A2EE}
	EndGlobalSection
	GlobalSection(ExtensibilityGlobals) = postSolution
		SolutionGuid = {4AF1FD1D-A9EA-4D2A-946E-36236C5E34F4}
	EndGlobalSection
EndGlobal
